
Microsoft Visual Studio Solution File, Format Version 12.00
# Visual Studio Version 17
VisualStudioVersion = 17.1.32210.238
MinimumVisualStudioVersion = 10.0.40219.1
Project("{FAE04EC0-301F-11D3-BF4B-00C04F79EFBC}") = "Tutorias_API", "Tutorias_API\Tutorias_API.csproj", "{48BA6C10-16EB-48F9-BA76-DD6279234843}"
EndProject
Global
	GlobalSection(SolutionConfigurationPlatforms) = preSolution
		Debug|Any CPU = Debug|Any CPU
		Release|Any CPU = Release|Any CPU
	EndGlobalSection
	GlobalSection(ProjectConfigurationPlatforms) = postSolution
		{48BA6C10-16EB-48F9-BA76-DD6279234843}.Debug|Any CPU.ActiveCfg = Debug|Any CPU
		{48BA6C10-16EB-48F9-BA76-DD6279234843}.Debug|Any CPU.Build.0 = Debug|Any CPU
		{48BA6C10-16EB-48F9-BA76-DD6279234843}.Release|Any CPU.ActiveCfg = Release|Any CPU
		{48BA6C10-16EB-48F9-BA76-DD6279234843}.Release|Any CPU.Build.0 = Release|Any CPU
	EndGlobalSection
	GlobalSection(SolutionProperties) = preSolution
		HideSolutionNode = FALSE
	EndGlobalSection
	GlobalSection(ExtensibilityGlobals) = postSolution
		SolutionGuid = {B7367710-69C6-4235-A7BA-48F5FD72D772}
	EndGlobalSection
EndGlobal
